
Microsoft Visual Studio Solution File, Format Version 12.00
# Visual Studio Version 17
VisualStudioVersion = 17.11.35208.52
MinimumVisualStudioVersion = 10.0.40219.1
Project("{8BC9CEB8-8B4A-11D0-8D11-00A0C91BC942}") = "Supermarket Online Shopping System", "Supermarket Online Shopping System.vcxproj", "{BC7FA2FA-1428-42B4-B6AD-199C26939748}"
EndProject
Global
	GlobalSection(SolutionConfigurationPlatforms) = preSolution
		Debug|x64 = Debug|x64
		Debug|x86 = Debug|x86
		Release|x64 = Release|x64
		Release|x86 = Release|x86
	EndGlobalSection
	GlobalSection(ProjectConfigurationPlatforms) = postSolution
		{BC7FA2FA-1428-42B4-B6AD-199C26939748}.Debug|x64.ActiveCfg = Debug|x64
		{BC7FA2FA-1428-42B4-B6AD-199C26939748}.Debug|x64.Build.0 = Debug|x64
		{BC7FA2FA-1428-42B4-B6AD-199C26939748}.Debug|x86.ActiveCfg = Debug|Win32
		{BC7FA2FA-1428-42B4-B6AD-199C26939748}.Debug|x86.Build.0 = Debug|Win32
		{BC7FA2FA-1428-42B4-B6AD-199C26939748}.Release|x64.ActiveCfg = Release|x64
		{BC7FA2FA-1428-42B4-B6AD-199C26939748}.Release|x64.Build.0 = Release|x64
		{BC7FA2FA-1428-42B4-B6AD-199C26939748}.Release|x86.ActiveCfg = Release|Win32
		{BC7FA2FA-1428-42B4-B6AD-199C26939748}.Release|x86.Build.0 = Release|Win32
	EndGlobalSection
	GlobalSection(SolutionProperties) = preSolution
		HideSolutionNode = FALSE
	EndGlobalSection
	GlobalSection(ExtensibilityGlobals) = postSolution
		SolutionGuid = {6523401D-1ACD-485E-8141-8F1FF34DC0A3}
	EndGlobalSection
EndGlobal
